// !$*UTF8*$!
{
	archiveVersion = 1;
	classes = {
	};
	objectVersion = 60;
	objects = {

/* Begin PBXBuildFile section */
		B36940272C3B7EDA005EB6C6 /* Tomorrow_2_0App.swift in Sources */ = {isa = PBXBuildFile; fileRef = B36940262C3B7EDA005EB6C6 /* Tomorrow_2_0App.swift */; };
		B36940292C3B7EDA005EB6C6 /* ContentView.swift in Sources */ = {isa = PBXBuildFile; fileRef = B36940282C3B7EDA005EB6C6 /* ContentView.swift */; };
		B369402B2C3B7EDB005EB6C6 /* Assets.xcassets in Resources */ = {isa = PBXBuildFile; fileRef = B369402A2C3B7EDB005EB6C6 /* Assets.xcassets */; };
		B369402E2C3B7EDB005EB6C6 /* Preview Assets.xcassets in Resources */ = {isa = PBXBuildFile; fileRef = B369402D2C3B7EDB005EB6C6 /* Preview Assets.xcassets */; };
		B36940302C3B7EDB005EB6C6 /* Persistence.swift in Sources */ = {isa = PBXBuildFile; fileRef = B369402F2C3B7EDB005EB6C6 /* Persistence.swift */; };
		B36940332C3B7EDB005EB6C6 /* Tomorrow_2_0.xcdatamodeld in Sources */ = {isa = PBXBuildFile; fileRef = B36940312C3B7EDB005EB6C6 /* Tomorrow_2_0.xcdatamodeld */; };
		B369403D2C3B7EDB005EB6C6 /* Tomorrow_2_0Tests.swift in Sources */ = {isa = PBXBuildFile; fileRef = B369403C2C3B7EDB005EB6C6 /* Tomorrow_2_0Tests.swift */; };
		B36940472C3B7EDB005EB6C6 /* Tomorrow_2_0UITests.swift in Sources */ = {isa = PBXBuildFile; fileRef = B36940462C3B7EDB005EB6C6 /* Tomorrow_2_0UITests.swift */; };
		B36940492C3B7EDB005EB6C6 /* Tomorrow_2_0UITestsLaunchTests.swift in Sources */ = {isa = PBXBuildFile; fileRef = B36940482C3B7EDB005EB6C6 /* Tomorrow_2_0UITestsLaunchTests.swift */; };
/* End PBXBuildFile section */

/* Begin PBXContainerItemProxy section */
		B36940392C3B7EDB005EB6C6 /* PBXContainerItemProxy */ = {
			isa = PBXContainerItemProxy;
			containerPortal = B369401B2C3B7EDA005EB6C6 /* Project object */;
			proxyType = 1;
			remoteGlobalIDString = B36940222C3B7EDA005EB6C6;
			remoteInfo = "Tomorrow!2.0";
		};
		B36940432C3B7EDB005EB6C6 /* PBXContainerItemProxy */ = {
			isa = PBXContainerItemProxy;
			containerPortal = B369401B2C3B7EDA005EB6C6 /* Project object */;
			proxyType = 1;
			remoteGlobalIDString = B36940222C3B7EDA005EB6C6;
			remoteInfo = "Tomorrow!2.0";
		};
/* End PBXContainerItemProxy section */

/* Begin PBXFileReference section */
		B36940232C3B7EDA005EB6C6 /* Tomorrow!2.0.app */ = {isa = PBXFileReference; explicitFileType = wrapper.application; includeInIndex = 0; path = "Tomorrow!2.0.app"; sourceTree = BUILT_PRODUCTS_DIR; };
		B36940262C3B7EDA005EB6C6 /* Tomorrow_2_0App.swift */ = {isa = PBXFileReference; lastKnownFileType = sourcecode.swift; path = Tomorrow_2_0App.swift; sourceTree = "<group>"; };
		B36940282C3B7EDA005EB6C6 /* ContentView.swift */ = {isa = PBXFileReference; lastKnownFileType = sourcecode.swift; path = ContentView.swift; sourceTree = "<group>"; };
		B369402A2C3B7EDB005EB6C6 /* Assets.xcassets */ = {isa = PBXFileReference; lastKnownFileType = folder.assetcatalog; path = Assets.xcassets; sourceTree = "<group>"; };
		B369402D2C3B7EDB005EB6C6 /* Preview Assets.xcassets */ = {isa = PBXFileReference; lastKnownFileType = folder.assetcatalog; path = "Preview Assets.xcassets"; sourceTree = "<group>"; };
		B369402F2C3B7EDB005EB6C6 /* Persistence.swift */ = {isa = PBXFileReference; lastKnownFileType = sourcecode.swift; path = Persistence.swift; sourceTree = "<group>"; };
		B36940322C3B7EDB005EB6C6 /* Tomorrow_2_0.xcdatamodel */ = {isa = PBXFileReference; lastKnownFileType = wrapper.xcdatamodel; path = Tomorrow_2_0.xcdatamodel; sourceTree = "<group>"; };
		B36940382C3B7EDB005EB6C6 /* Tomorrow!2.0Tests.xctest */ = {isa = PBXFileReference; explicitFileType = wrapper.cfbundle; includeInIndex = 0; path = "Tomorrow!2.0Tests.xctest"; sourceTree = BUILT_PRODUCTS_DIR; };
		B369403C2C3B7EDB005EB6C6 /* Tomorrow_2_0Tests.swift */ = {isa = PBXFileReference; lastKnownFileType = sourcecode.swift; path = Tomorrow_2_0Tests.swift; sourceTree = "<group>"; };
		B36940422C3B7EDB005EB6C6 /* Tomorrow!2.0UITests.xctest */ = {isa = PBXFileReference; explicitFileType = wrapper.cfbundle; includeInIndex = 0; path = "Tomorrow!2.0UITests.xctest"; sourceTree = BUILT_PRODUCTS_DIR; };
		B36940462C3B7EDB005EB6C6 /* Tomorrow_2_0UITests.swift */ = {isa = PBXFileReference; lastKnownFileType = sourcecode.swift; path = Tomorrow_2_0UITests.swift; sourceTree = "<group>"; };
		B36940482C3B7EDB005EB6C6 /* Tomorrow_2_0UITestsLaunchTests.swift */ = {isa = PBXFileReference; lastKnownFileType = sourcecode.swift; path = Tomorrow_2_0UITestsLaunchTests.swift; sourceTree = "<group>"; };
/* End PBXFileReference section */

/* Begin PBXFrameworksBuildPhase section */
		B36940202C3B7EDA005EB6C6 /* Frameworks */ = {
			isa = PBXFrameworksBuildPhase;
			buildActionMask = 2147483647;
			files = (
			);
			runOnlyForDeploymentPostprocessing = 0;
		};
		B36940352C3B7EDB005EB6C6 /* Frameworks */ = {
			isa = PBXFrameworksBuildPhase;
			buildActionMask = 2147483647;
			files = (
			);
			runOnlyForDeploymentPostprocessing = 0;
		};
		B369403F2C3B7EDB005EB6C6 /* Frameworks */ = {
			isa = PBXFrameworksBuildPhase;
			buildActionMask = 2147483647;
			files = (
			);
			runOnlyForDeploymentPostprocessing = 0;
		};
/* End PBXFrameworksBuildPhase section */

/* Begin PBXGroup section */
		B369401A2C3B7EDA005EB6C6 = {
			isa = PBXGroup;
			children = (
				B36940252C3B7EDA005EB6C6 /* Tomorrow!2.0 */,
				B369403B2C3B7EDB005EB6C6 /* Tomorrow!2.0Tests */,
				B36940452C3B7EDB005EB6C6 /* Tomorrow!2.0UITests */,
				B36940242C3B7EDA005EB6C6 /* Products */,
			);
			sourceTree = "<group>";
		};
		B36940242C3B7EDA005EB6C6 /* Products */ = {
			isa = PBXGroup;
			children = (
				B36940232C3B7EDA005EB6C6 /* Tomorrow!2.0.app */,
				B36940382C3B7EDB005EB6C6 /* Tomorrow!2.0Tests.xctest */,
				B36940422C3B7EDB005EB6C6 /* Tomorrow!2.0UITests.xctest */,
			);
			name = Products;
			sourceTree = "<group>";
		};
		B36940252C3B7EDA005EB6C6 /* Tomorrow!2.0 */ = {
			isa = PBXGroup;
			children = (
				B36940262C3B7EDA005EB6C6 /* Tomorrow_2_0App.swift */,
				B36940282C3B7EDA005EB6C6 /* ContentView.swift */,
				B369402A2C3B7EDB005EB6C6 /* Assets.xcassets */,
				B369402F2C3B7EDB005EB6C6 /* Persistence.swift */,
				B36940312C3B7EDB005EB6C6 /* Tomorrow_2_0.xcdatamodeld */,
				B369402C2C3B7EDB005EB6C6 /* Preview Content */,
			);
			path = "Tomorrow!2.0";
			sourceTree = "<group>";
		};
		B369402C2C3B7EDB005EB6C6 /* Preview Content */ = {
			isa = PBXGroup;
			children = (
				B369402D2C3B7EDB005EB6C6 /* Preview Assets.xcassets */,
			);
			path = "Preview Content";
			sourceTree = "<group>";
		};
		B369403B2C3B7EDB005EB6C6 /* Tomorrow!2.0Tests */ = {
			isa = PBXGroup;
			children = (
				B369403C2C3B7EDB005EB6C6 /* Tomorrow_2_0Tests.swift */,
			);
			path = "Tomorrow!2.0Tests";
			sourceTree = "<group>";
		};
		B36940452C3B7EDB005EB6C6 /* Tomorrow!2.0UITests */ = {
			isa = PBXGroup;
			children = (
				B36940462C3B7EDB005EB6C6 /* Tomorrow_2_0UITests.swift */,
				B36940482C3B7EDB005EB6C6 /* Tomorrow_2_0UITestsLaunchTests.swift */,
			);
			path = "Tomorrow!2.0UITests";
			sourceTree = "<group>";
		};
/* End PBXGroup section */

/* Begin PBXNativeTarget section */
		B36940222C3B7EDA005EB6C6 /* Tomorrow!2.0 */ = {
			isa = PBXNativeTarget;
			buildConfigurationList = B369404C2C3B7EDB005EB6C6 /* Build configuration list for PBXNativeTarget "Tomorrow!2.0" */;
			buildPhases = (
				B369401F2C3B7EDA005EB6C6 /* Sources */,
				B36940202C3B7EDA005EB6C6 /* Frameworks */,
				B36940212C3B7EDA005EB6C6 /* Resources */,
			);
			buildRules = (
			);
			dependencies = (
			);
			name = "Tomorrow!2.0";
			productName = "Tomorrow!2.0";
			productReference = B36940232C3B7EDA005EB6C6 /* Tomorrow!2.0.app */;
			productType = "com.apple.product-type.application";
		};
		B36940372C3B7EDB005EB6C6 /* Tomorrow!2.0Tests */ = {
			isa = PBXNativeTarget;
			buildConfigurationList = B369404F2C3B7EDB005EB6C6 /* Build configuration list for PBXNativeTarget "Tomorrow!2.0Tests" */;
			buildPhases = (
				B36940342C3B7EDB005EB6C6 /* Sources */,
				B36940352C3B7EDB005EB6C6 /* Frameworks */,
				B36940362C3B7EDB005EB6C6 /* Resources */,
			);
			buildRules = (
			);
			dependencies = (
				B369403A2C3B7EDB005EB6C6 /* PBXTargetDependency */,
			);
			name = "Tomorrow!2.0Tests";
			productName = "Tomorrow!2.0Tests";
			productReference = B36940382C3B7EDB005EB6C6 /* Tomorrow!2.0Tests.xctest */;
			productType = "com.apple.product-type.bundle.unit-test";
		};
		B36940412C3B7EDB005EB6C6 /* Tomorrow!2.0UITests */ = {
			isa = PBXNativeTarget;
			buildConfigurationList = B36940522C3B7EDB005EB6C6 /* Build configuration list for PBXNativeTarget "Tomorrow!2.0UITests" */;
			buildPhases = (
				B369403E2C3B7EDB005EB6C6 /* Sources */,
				B369403F2C3B7EDB005EB6C6 /* Frameworks */,
				B36940402C3B7EDB005EB6C6 /* Resources */,
			);
			buildRules = (
			);
			dependencies = (
				B36940442C3B7EDB005EB6C6 /* PBXTargetDependency */,
			);
			name = "Tomorrow!2.0UITests";
			productName = "Tomorrow!2.0UITests";
			productReference = B36940422C3B7EDB005EB6C6 /* Tomorrow!2.0UITests.xctest */;
			productType = "com.apple.product-type.bundle.ui-testing";
		};
/* End PBXNativeTarget section */

/* Begin PBXProject section */
		B369401B2C3B7EDA005EB6C6 /* Project object */ = {
			isa = PBXProject;
			attributes = {
				BuildIndependentTargetsInParallel = 1;
				LastSwiftUpdateCheck = 1600;
				LastUpgradeCheck = 1600;
				TargetAttributes = {
					B36940222C3B7EDA005EB6C6 = {
						CreatedOnToolsVersion = 16.0;
					};
					B36940372C3B7EDB005EB6C6 = {
						CreatedOnToolsVersion = 16.0;
						TestTargetID = B36940222C3B7EDA005EB6C6;
					};
					B36940412C3B7EDB005EB6C6 = {
						CreatedOnToolsVersion = 16.0;
						TestTargetID = B36940222C3B7EDA005EB6C6;
					};
				};
			};
			buildConfigurationList = B369401E2C3B7EDA005EB6C6 /* Build configuration list for PBXProject "Tomorrow!2.0" */;
			compatibilityVersion = "Xcode 15.0";
			developmentRegion = en;
			hasScannedForEncodings = 0;
			knownRegions = (
				en,
				Base,
			);
			mainGroup = B369401A2C3B7EDA005EB6C6;
			productRefGroup = B36940242C3B7EDA005EB6C6 /* Products */;
			projectDirPath = "";
			projectRoot = "";
			targets = (
				B36940222C3B7EDA005EB6C6 /* Tomorrow!2.0 */,
				B36940372C3B7EDB005EB6C6 /* Tomorrow!2.0Tests */,
				B36940412C3B7EDB005EB6C6 /* Tomorrow!2.0UITests */,
			);
		};
/* End PBXProject section */

/* Begin PBXResourcesBuildPhase section */
		B36940212C3B7EDA005EB6C6 /* Resources */ = {
			isa = PBXResourcesBuildPhase;
			buildActionMask = 2147483647;
			files = (
				B369402E2C3B7EDB005EB6C6 /* Preview Assets.xcassets in Resources */,
				B369402B2C3B7EDB005EB6C6 /* Assets.xcassets in Resources */,
			);
			runOnlyForDeploymentPostprocessing = 0;
		};
		B36940362C3B7EDB005EB6C6 /* Resources */ = {
			isa = PBXResourcesBuildPhase;
			buildActionMask = 2147483647;
			files = (
			);
			runOnlyForDeploymentPostprocessing = 0;
		};
		B36940402C3B7EDB005EB6C6 /* Resources */ = {
			isa = PBXResourcesBuildPhase;
			buildActionMask = 2147483647;
			files = (
			);
			runOnlyForDeploymentPostprocessing = 0;
		};
/* End PBXResourcesBuildPhase section */

/* Begin PBXSourcesBuildPhase section */
		B369401F2C3B7EDA005EB6C6 /* Sources */ = {
			isa = PBXSourcesBuildPhase;
			buildActionMask = 2147483647;
			files = (
				B36940302C3B7EDB005EB6C6 /* Persistence.swift in Sources */,
				B36940292C3B7EDA005EB6C6 /* ContentView.swift in Sources */,
				B36940332C3B7EDB005EB6C6 /* Tomorrow_2_0.xcdatamodeld in Sources */,
				B36940272C3B7EDA005EB6C6 /* Tomorrow_2_0App.swift in Sources */,
			);
			runOnlyForDeploymentPostprocessing = 0;
		};
		B36940342C3B7EDB005EB6C6 /* Sources */ = {
			isa = PBXSourcesBuildPhase;
			buildActionMask = 2147483647;
			files = (
				B369403D2C3B7EDB005EB6C6 /* Tomorrow_2_0Tests.swift in Sources */,
			);
			runOnlyForDeploymentPostprocessing = 0;
		};
		B369403E2C3B7EDB005EB6C6 /* Sources */ = {
			isa = PBXSourcesBuildPhase;
			buildActionMask = 2147483647;
			files = (
				B36940472C3B7EDB005EB6C6 /* Tomorrow_2_0UITests.swift in Sources */,
				B36940492C3B7EDB005EB6C6 /* Tomorrow_2_0UITestsLaunchTests.swift in Sources */,
			);
			runOnlyForDeploymentPostprocessing = 0;
		};
/* End PBXSourcesBuildPhase section */

/* Begin PBXTargetDependency section */
		B369403A2C3B7EDB005EB6C6 /* PBXTargetDependency */ = {
			isa = PBXTargetDependency;
			target = B36940222C3B7EDA005EB6C6 /* Tomorrow!2.0 */;
			targetProxy = B36940392C3B7EDB005EB6C6 /* PBXContainerItemProxy */;
		};
		B36940442C3B7EDB005EB6C6 /* PBXTargetDependency */ = {
			isa = PBXTargetDependency;
			target = B36940222C3B7EDA005EB6C6 /* Tomorrow!2.0 */;
			targetProxy = B36940432C3B7EDB005EB6C6 /* PBXContainerItemProxy */;
		};
/* End PBXTargetDependency section */

/* Begin XCBuildConfiguration section */
		B369404A2C3B7EDB005EB6C6 /* Debug */ = {
			isa = XCBuildConfiguration;
			buildSettings = {
				ALWAYS_SEARCH_USER_PATHS = NO;
				ASSETCATALOG_COMPILER_GENERATE_SWIFT_ASSET_SYMBOL_EXTENSIONS = YES;
				CLANG_ANALYZER_NONNULL = YES;
				CLANG_ANALYZER_NUMBER_OBJECT_CONVERSION = YES_AGGRESSIVE;
				CLANG_CXX_LANGUAGE_STANDARD = "gnu++20";
				CLANG_ENABLE_MODULES = YES;
				CLANG_ENABLE_OBJC_ARC = YES;
				CLANG_ENABLE_OBJC_WEAK = YES;
				CLANG_WARN_BLOCK_CAPTURE_AUTORELEASING = YES;
				CLANG_WARN_BOOL_CONVERSION = YES;
				CLANG_WARN_COMMA = YES;
				CLANG_WARN_CONSTANT_CONVERSION = YES;
				CLANG_WARN_DEPRECATED_OBJC_IMPLEMENTATIONS = YES;
				CLANG_WARN_DIRECT_OBJC_ISA_USAGE = YES_ERROR;
				CLANG_WARN_DOCUMENTATION_COMMENTS = YES;
				CLANG_WARN_EMPTY_BODY = YES;
				CLANG_WARN_ENUM_CONVERSION = YES;
				CLANG_WARN_INFINITE_RECURSION = YES;
				CLANG_WARN_INT_CONVERSION = YES;
				CLANG_WARN_NON_LITERAL_NULL_CONVERSION = YES;
				CLANG_WARN_OBJC_IMPLICIT_RETAIN_SELF = YES;
				CLANG_WARN_OBJC_LITERAL_CONVERSION = YES;
				CLANG_WARN_OBJC_ROOT_CLASS = YES_ERROR;
				CLANG_WARN_QUOTED_INCLUDE_IN_FRAMEWORK_HEADER = YES;
				CLANG_WARN_RANGE_LOOP_ANALYSIS = YES;
				CLANG_WARN_STRICT_PROTOTYPES = YES;
				CLANG_WARN_SUSPICIOUS_MOVE = YES;
				CLANG_WARN_UNGUARDED_AVAILABILITY = YES_AGGRESSIVE;
				CLANG_WARN_UNREACHABLE_CODE = YES;
				CLANG_WARN__DUPLICATE_METHOD_MATCH = YES;
				COPY_PHASE_STRIP = NO;
				DEBUG_INFORMATION_FORMAT = dwarf;
				ENABLE_STRICT_OBJC_MSGSEND = YES;
				ENABLE_TESTABILITY = YES;
				ENABLE_USER_SCRIPT_SANDBOXING = YES;
				GCC_C_LANGUAGE_STANDARD = gnu17;
				GCC_DYNAMIC_NO_PIC = NO;
				GCC_NO_COMMON_BLOCKS = YES;
				GCC_OPTIMIZATION_LEVEL = 0;
				GCC_PREPROCESSOR_DEFINITIONS = (
					"DEBUG=1",
					"$(inherited)",
				);
				GCC_WARN_64_TO_32_BIT_CONVERSION = YES;
				GCC_WARN_ABOUT_RETURN_TYPE = YES_ERROR;
				GCC_WARN_UNDECLARED_SELECTOR = YES;
				GCC_WARN_UNINITIALIZED_AUTOS = YES_AGGRESSIVE;
				GCC_WARN_UNUSED_FUNCTION = YES;
				GCC_WARN_UNUSED_VARIABLE = YES;
				IPHONEOS_DEPLOYMENT_TARGET = 18.0;
				LOCALIZATION_PREFERS_STRING_CATALOGS = YES;
				MTL_ENABLE_DEBUG_INFO = INCLUDE_SOURCE;
				MTL_FAST_MATH = YES;
				ONLY_ACTIVE_ARCH = YES;
				SDKROOT = iphoneos;
				SWIFT_ACTIVE_COMPILATION_CONDITIONS = "DEBUG $(inherited)";
				SWIFT_OPTIMIZATION_LEVEL = "-Onone";
			};
			name = Debug;
		};
		B369404B2C3B7EDB005EB6C6 /* Release */ = {
			isa = XCBuildConfiguration;
			buildSettings = {
				ALWAYS_SEARCH_USER_PATHS = NO;
				ASSETCATALOG_COMPILER_GENERATE_SWIFT_ASSET_SYMBOL_EXTENSIONS = YES;
				CLANG_ANALYZER_NONNULL = YES;
				CLANG_ANALYZER_NUMBER_OBJECT_CONVERSION = YES_AGGRESSIVE;
				CLANG_CXX_LANGUAGE_STANDARD = "gnu++20";
				CLANG_ENABLE_MODULES = YES;
				CLANG_ENABLE_OBJC_ARC = YES;
				CLANG_ENABLE_OBJC_WEAK = YES;
				CLANG_WARN_BLOCK_CAPTURE_AUTORELEASING = YES;
				CLANG_WARN_BOOL_CONVERSION = YES;
				CLANG_WARN_COMMA = YES;
				CLANG_WARN_CONSTANT_CONVERSION = YES;
				CLANG_WARN_DEPRECATED_OBJC_IMPLEMENTATIONS = YES;
				CLANG_WARN_DIRECT_OBJC_ISA_USAGE = YES_ERROR;
				CLANG_WARN_DOCUMENTATION_COMMENTS = YES;
				CLANG_WARN_EMPTY_BODY = YES;
				CLANG_WARN_ENUM_CONVERSION = YES;
				CLANG_WARN_INFINITE_RECURSION = YES;
				CLANG_WARN_INT_CONVERSION = YES;
				CLANG_WARN_NON_LITERAL_NULL_CONVERSION = YES;
				CLANG_WARN_OBJC_IMPLICIT_RETAIN_SELF = YES;
				CLANG_WARN_OBJC_LITERAL_CONVERSION = YES;
				CLANG_WARN_OBJC_ROOT_CLASS = YES_ERROR;
				CLANG_WARN_QUOTED_INCLUDE_IN_FRAMEWORK_HEADER = YES;
				CLANG_WARN_RANGE_LOOP_ANALYSIS = YES;
				CLANG_WARN_STRICT_PROTOTYPES = YES;
				CLANG_WARN_SUSPICIOUS_MOVE = YES;
				CLANG_WARN_UNGUARDED_AVAILABILITY = YES_AGGRESSIVE;
				CLANG_WARN_UNREACHABLE_CODE = YES;
				CLANG_WARN__DUPLICATE_METHOD_MATCH = YES;
				COPY_PHASE_STRIP = NO;
				DEBUG_INFORMATION_FORMAT = "dwarf-with-dsym";
				ENABLE_NS_ASSERTIONS = NO;
				ENABLE_STRICT_OBJC_MSGSEND = YES;
				ENABLE_USER_SCRIPT_SANDBOXING = YES;
				GCC_C_LANGUAGE_STANDARD = gnu17;
				GCC_NO_COMMON_BLOCKS = YES;
				GCC_WARN_64_TO_32_BIT_CONVERSION = YES;
				GCC_WARN_ABOUT_RETURN_TYPE = YES_ERROR;
				GCC_WARN_UNDECLARED_SELECTOR = YES;
				GCC_WARN_UNINITIALIZED_AUTOS = YES_AGGRESSIVE;
				GCC_WARN_UNUSED_FUNCTION = YES;
				GCC_WARN_UNUSED_VARIABLE = YES;
				IPHONEOS_DEPLOYMENT_TARGET = 18.0;
				LOCALIZATION_PREFERS_STRING_CATALOGS = YES;
				MTL_ENABLE_DEBUG_INFO = NO;
				MTL_FAST_MATH = YES;
				SDKROOT = iphoneos;
				SWIFT_COMPILATION_MODE = wholemodule;
				VALIDATE_PRODUCT = YES;
			};
			name = Release;
		};
		B369404D2C3B7EDB005EB6C6 /* Debug */ = {
			isa = XCBuildConfiguration;
			buildSettings = {
				ASSETCATALOG_COMPILER_APPICON_NAME = AppIcon;
				ASSETCATALOG_COMPILER_GLOBAL_ACCENT_COLOR_NAME = AccentColor;
				CODE_SIGN_STYLE = Automatic;
				CURRENT_PROJECT_VERSION = 1;
				DEVELOPMENT_ASSET_PATHS = "\"Tomorrow!2.0/Preview Content\"";
				DEVELOPMENT_TEAM = 3944R2S82R;
				ENABLE_PREVIEWS = YES;
				GENERATE_INFOPLIST_FILE = YES;
				INFOPLIST_KEY_UIApplicationSceneManifest_Generation = YES;
				INFOPLIST_KEY_UIApplicationSupportsIndirectInputEvents = YES;
				INFOPLIST_KEY_UILaunchScreen_Generation = YES;
				INFOPLIST_KEY_UISupportedInterfaceOrientations_iPad = "UIInterfaceOrientationPortrait UIInterfaceOrientationPortraitUpsideDown UIInterfaceOrientationLandscapeLeft UIInterfaceOrientationLandscapeRight";
				INFOPLIST_KEY_UISupportedInterfaceOrientations_iPhone = "UIInterfaceOrientationPortrait UIInterfaceOrientationLandscapeLeft UIInterfaceOrientationLandscapeRight";
				LD_RUNPATH_SEARCH_PATHS = (
					"$(inherited)",
					"@executable_path/Frameworks",
				);
				MARKETING_VERSION = 1.0;
				PRODUCT_BUNDLE_IDENTIFIER = "-.Tomorrow-2-0";
				PRODUCT_NAME = "$(TARGET_NAME)";
				SWIFT_EMIT_LOC_STRINGS = YES;
				SWIFT_VERSION = 5.0;
				TARGETED_DEVICE_FAMILY = "1,2";
			};
			name = Debug;
		};
		B369404E2C3B7EDB005EB6C6 /* Release */ = {
			isa = XCBuildConfiguration;
			buildSettings = {
				ASSETCATALOG_COMPILER_APPICON_NAME = AppIcon;
				ASSETCATALOG_COMPILER_GLOBAL_ACCENT_COLOR_NAME = AccentColor;
				CODE_SIGN_STYLE = Automatic;
				CURRENT_PROJECT_VERSION = 1;
				DEVELOPMENT_ASSET_PATHS = "\"Tomorrow!2.0/Preview Content\"";
				DEVELOPMENT_TEAM = 3944R2S82R;
				ENABLE_PREVIEWS = YES;
				GENERATE_INFOPLIST_FILE = YES;
				INFOPLIST_KEY_UIApplicationSceneManifest_Generation = YES;
				INFOPLIST_KEY_UIApplicationSupportsIndirectInputEvents = YES;
				INFOPLIST_KEY_UILaunchScreen_Generation = YES;
				INFOPLIST_KEY_UISupportedInterfaceOrientations_iPad = "UIInterfaceOrientationPortrait UIInterfaceOrientationPortraitUpsideDown UIInterfaceOrientationLandscapeLeft UIInterfaceOrientationLandscapeRight";
				INFOPLIST_KEY_UISupportedInterfaceOrientations_iPhone = "UIInterfaceOrientationPortrait UIInterfaceOrientationLandscapeLeft UIInterfaceOrientationLandscapeRight";
				LD_RUNPATH_SEARCH_PATHS = (
					"$(inherited)",
					"@executable_path/Frameworks",
				);
				MARKETING_VERSION = 1.0;
				PRODUCT_BUNDLE_IDENTIFIER = "-.Tomorrow-2-0";
				PRODUCT_NAME = "$(TARGET_NAME)";
				SWIFT_EMIT_LOC_STRINGS = YES;
				SWIFT_VERSION = 5.0;
				TARGETED_DEVICE_FAMILY = "1,2";
			};
			name = Release;
		};
		B36940502C3B7EDB005EB6C6 /* Debug */ = {
			isa = XCBuildConfiguration;
			buildSettings = {
				BUNDLE_LOADER = "$(TEST_HOST)";
				CODE_SIGN_STYLE = Automatic;
				CURRENT_PROJECT_VERSION = 1;
				DEVELOPMENT_TEAM = 3944R2S82R;
				GENERATE_INFOPLIST_FILE = YES;
				IPHONEOS_DEPLOYMENT_TARGET = 18.0;
				MARKETING_VERSION = 1.0;
				PRODUCT_BUNDLE_IDENTIFIER = "-.Tomorrow-2-0Tests";
				PRODUCT_NAME = "$(TARGET_NAME)";
				SWIFT_EMIT_LOC_STRINGS = NO;
				SWIFT_VERSION = 5.0;
				TARGETED_DEVICE_FAMILY = "1,2";
				TEST_HOST = "$(BUILT_PRODUCTS_DIR)/Tomorrow!2.0.app/$(BUNDLE_EXECUTABLE_FOLDER_PATH)/Tomorrow!2.0";
			};
			name = Debug;
		};
		B36940512C3B7EDB005EB6C6 /* Release */ = {
			isa = XCBuildConfiguration;
			buildSettings = {
				BUNDLE_LOADER = "$(TEST_HOST)";
				CODE_SIGN_STYLE = Automatic;
				CURRENT_PROJECT_VERSION = 1;
				DEVELOPMENT_TEAM = 3944R2S82R;
				GENERATE_INFOPLIST_FILE = YES;
				IPHONEOS_DEPLOYMENT_TARGET = 18.0;
				MARKETING_VERSION = 1.0;
				PRODUCT_BUNDLE_IDENTIFIER = "-.Tomorrow-2-0Tests";
				PRODUCT_NAME = "$(TARGET_NAME)";
				SWIFT_EMIT_LOC_STRINGS = NO;
				SWIFT_VERSION = 5.0;
				TARGETED_DEVICE_FAMILY = "1,2";
				TEST_HOST = "$(BUILT_PRODUCTS_DIR)/Tomorrow!2.0.app/$(BUNDLE_EXECUTABLE_FOLDER_PATH)/Tomorrow!2.0";
			};
			name = Release;
		};
		B36940532C3B7EDB005EB6C6 /* Debug */ = {
			isa = XCBuildConfiguration;
			buildSettings = {
				CODE_SIGN_STYLE = Automatic;
				CURRENT_PROJECT_VERSION = 1;
				DEVELOPMENT_TEAM = 3944R2S82R;
				GENERATE_INFOPLIST_FILE = YES;
				MARKETING_VERSION = 1.0;
				PRODUCT_BUNDLE_IDENTIFIER = "-.Tomorrow-2-0UITests";
				PRODUCT_NAME = "$(TARGET_NAME)";
				SWIFT_EMIT_LOC_STRINGS = NO;
				SWIFT_VERSION = 5.0;
				TARGETED_DEVICE_FAMILY = "1,2";
				TEST_TARGET_NAME = "Tomorrow!2.0";
			};
			name = Debug;
		};
		B36940542C3B7EDB005EB6C6 /* Release */ = {
			isa = XCBuildConfiguration;
			buildSettings = {
				CODE_SIGN_STYLE = Automatic;
				CURRENT_PROJECT_VERSION = 1;
				DEVELOPMENT_TEAM = 3944R2S82R;
				GENERATE_INFOPLIST_FILE = YES;
				MARKETING_VERSION = 1.0;
				PRODUCT_BUNDLE_IDENTIFIER = "-.Tomorrow-2-0UITests";
				PRODUCT_NAME = "$(TARGET_NAME)";
				SWIFT_EMIT_LOC_STRINGS = NO;
				SWIFT_VERSION = 5.0;
				TARGETED_DEVICE_FAMILY = "1,2";
				TEST_TARGET_NAME = "Tomorrow!2.0";
			};
			name = Release;
		};
/* End XCBuildConfiguration section */

/* Begin XCConfigurationList section */
		B369401E2C3B7EDA005EB6C6 /* Build configuration list for PBXProject "Tomorrow!2.0" */ = {
			isa = XCConfigurationList;
			buildConfigurations = (
				B369404A2C3B7EDB005EB6C6 /* Debug */,
				B369404B2C3B7EDB005EB6C6 /* Release */,
			);
			defaultConfigurationIsVisible = 0;
			defaultConfigurationName = Release;
		};
		B369404C2C3B7EDB005EB6C6 /* Build configuration list for PBXNativeTarget "Tomorrow!2.0" */ = {
			isa = XCConfigurationList;
			buildConfigurations = (
				B369404D2C3B7EDB005EB6C6 /* Debug */,
				B369404E2C3B7EDB005EB6C6 /* Release */,
			);
			defaultConfigurationIsVisible = 0;
			defaultConfigurationName = Release;
		};
		B369404F2C3B7EDB005EB6C6 /* Build configuration list for PBXNativeTarget "Tomorrow!2.0Tests" */ = {
			isa = XCConfigurationList;
			buildConfigurations = (
				B36940502C3B7EDB005EB6C6 /* Debug */,
				B36940512C3B7EDB005EB6C6 /* Release */,
			);
			defaultConfigurationIsVisible = 0;
			defaultConfigurationName = Release;
		};
		B36940522C3B7EDB005EB6C6 /* Build configuration list for PBXNativeTarget "Tomorrow!2.0UITests" */ = {
			isa = XCConfigurationList;
			buildConfigurations = (
				B36940532C3B7EDB005EB6C6 /* Debug */,
				B36940542C3B7EDB005EB6C6 /* Release */,
			);
			defaultConfigurationIsVisible = 0;
			defaultConfigurationName = Release;
		};
/* End XCConfigurationList section */

/* Begin XCVersionGroup section */
		B36940312C3B7EDB005EB6C6 /* Tomorrow_2_0.xcdatamodeld */ = {
			isa = XCVersionGroup;
			children = (
				B36940322C3B7EDB005EB6C6 /* Tomorrow_2_0.xcdatamodel */,
			);
			currentVersion = B36940322C3B7EDB005EB6C6 /* Tomorrow_2_0.xcdatamodel */;
			path = Tomorrow_2_0.xcdatamodeld;
			sourceTree = "<group>";
			versionGroupType = wrapper.xcdatamodel;
		};
/* End XCVersionGroup section */
	};
	rootObject = B369401B2C3B7EDA005EB6C6 /* Project object */;
}
